
Microsoft Visual Studio Solution File, Format Version 12.00
# Visual Studio 14
VisualStudioVersion = 14.0.23107.0
MinimumVisualStudioVersion = 10.0.40219.1
Project("{FAE04EC0-301F-11D3-BF4B-00C04F79EFBC}") = "Fl.Data.Core", "Fl.Data.Core\Fl.Data.Core.csproj", "{AF08A848-9AE4-48B7-A5BE-10166DB8EAE5}"
EndProject
Project("{FAE04EC0-301F-11D3-BF4B-00C04F79EFBC}") = "Fl.Web.Public", "Fl.Web.Public\Fl.Web.Public.csproj", "{359C44C8-7A27-4454-B894-AD0FB8CA7CEC}"
EndProject
Project("{FAE04EC0-301F-11D3-BF4B-00C04F79EFBC}") = "Fl.Data.DB", "Fl.Data.DB\Fl.Data.DB.csproj", "{9C6292FE-9982-4E76-BE59-3B2BBB886204}"
EndProject
Project("{FAE04EC0-301F-11D3-BF4B-00C04F79EFBC}") = "Fl.Admin", "Fl.Admin\Fl.Admin.csproj", "{1F8BFDC5-19FA-48B6-9984-292F0CBB7D95}"
EndProject
Global
	GlobalSection(SolutionConfigurationPlatforms) = preSolution
		Debug|Any CPU = Debug|Any CPU
		Release|Any CPU = Release|Any CPU
	EndGlobalSection
	GlobalSection(ProjectConfigurationPlatforms) = postSolution
		{AF08A848-9AE4-48B7-A5BE-10166DB8EAE5}.Debug|Any CPU.ActiveCfg = Debug|Any CPU
		{AF08A848-9AE4-48B7-A5BE-10166DB8EAE5}.Debug|Any CPU.Build.0 = Debug|Any CPU
		{AF08A848-9AE4-48B7-A5BE-10166DB8EAE5}.Release|Any CPU.ActiveCfg = Release|Any CPU
		{AF08A848-9AE4-48B7-A5BE-10166DB8EAE5}.Release|Any CPU.Build.0 = Release|Any CPU
		{359C44C8-7A27-4454-B894-AD0FB8CA7CEC}.Debug|Any CPU.ActiveCfg = Debug|Any CPU
		{359C44C8-7A27-4454-B894-AD0FB8CA7CEC}.Debug|Any CPU.Build.0 = Debug|Any CPU
		{359C44C8-7A27-4454-B894-AD0FB8CA7CEC}.Release|Any CPU.ActiveCfg = Release|Any CPU
		{359C44C8-7A27-4454-B894-AD0FB8CA7CEC}.Release|Any CPU.Build.0 = Release|Any CPU
		{9C6292FE-9982-4E76-BE59-3B2BBB886204}.Debug|Any CPU.ActiveCfg = Debug|Any CPU
		{9C6292FE-9982-4E76-BE59-3B2BBB886204}.Debug|Any CPU.Build.0 = Debug|Any CPU
		{9C6292FE-9982-4E76-BE59-3B2BBB886204}.Release|Any CPU.ActiveCfg = Release|Any CPU
		{9C6292FE-9982-4E76-BE59-3B2BBB886204}.Release|Any CPU.Build.0 = Release|Any CPU
		{1F8BFDC5-19FA-48B6-9984-292F0CBB7D95}.Debug|Any CPU.ActiveCfg = Debug|Any CPU
		{1F8BFDC5-19FA-48B6-9984-292F0CBB7D95}.Debug|Any CPU.Build.0 = Debug|Any CPU
		{1F8BFDC5-19FA-48B6-9984-292F0CBB7D95}.Release|Any CPU.ActiveCfg = Release|Any CPU
		{1F8BFDC5-19FA-48B6-9984-292F0CBB7D95}.Release|Any CPU.Build.0 = Release|Any CPU
	EndGlobalSection
	GlobalSection(SolutionProperties) = preSolution
		HideSolutionNode = FALSE
	EndGlobalSection
EndGlobal
